PODS:
  - Alamofire (4.7.1)
  - AlamofireImage (3.3.1):
    - Alamofire (~> 4.5)
  - Firebase/Core (3.16.0):
    - FirebaseAnalytics (= 3.8.0)
    - FirebaseCore (= 3.6.0)
  - FirebaseAnalytics (3.8.0):
    - FirebaseCore (~> 3.6)
    - FirebaseInstanceID (~> 1.0)
    - GoogleToolboxForMac/NSData+zlib (~> 2.1)
  - FirebaseCore (3.6.0):
    - GoogleToolboxForMac/NSData+zlib (~> 2.1)
  - FirebaseInstanceID (1.0.10):
    - FirebaseCore (~> 3.6)
  - GoogleToolboxForMac/Defines (2.1.1)
  - GoogleToolboxForMac/NSData+zlib (2.1.1):
    - GoogleToolboxForMac/Defines (= 2.1.1)
  - SQLite.swift (0.11.4):
    - SQLite.swift/standard (= 0.11.4)
  - SQLite.swift/standard (0.11.4)

DEPENDENCIES:
  - AlamofireImage (~> 3.3)
  - Firebase/Core
  - SQLite.swift (~> 0.11.4)

SPEC CHECKSUMS:
  Alamofire: 68d7d521118d49c615a8d2214d87cdf525599d30
  AlamofireImage: 3b35b586853abaf94ca1250f4e94cff3c21a4c0d
  Firebase: 21bf4a89d3f01bfbe11adc3a5d934a4a3d3a5fd6
  FirebaseAnalytics: 920e46455f27b0a52a80907a6d9b73ee4bd1c635
  FirebaseCore: 9691ee2ade70c098d7cf92440f4303f16d83ca75
  FirebaseInstanceID: b9eedd6846fb5e1f0f7279e1deaa7a7e4cf8392e
  GoogleToolboxForMac: 8e329f1b599f2512c6b10676d45736bcc2cbbeb0
  SQLite.swift: 3e3bee21da701b5b9f87c4a672cb54f233505692

PODFILE CHECKSUM: 90b73312658f6b9ad4d85d5ca4844fbaf0a8584b

COCOAPODS: 1.4.0
