// !$*UTF8*$!
{
	archiveVersion = 1;
	classes = {
	};
	objectVersion = 46;
	objects = {

/* Begin PBXBuildFile section */
		57B0F4544AF64CA917A059C9 /* Pods_AnidubApp.framework in Frameworks */ = {isa = PBXBuildFile; fileRef = 81CF747A16C1B2CD6D7E982E /* Pods_AnidubApp.framework */; };
		A001AC471EA62793008D9B5B /* AppDelegate.swift in Sources */ = {isa = PBXBuildFile; fileRef = A001AC461EA62793008D9B5B /* AppDelegate.swift */; };
		A001AC491EA62793008D9B5B /* ViewController.swift in Sources */ = {isa = PBXBuildFile; fileRef = A001AC481EA62793008D9B5B /* ViewController.swift */; };
		A001AC4E1EA62793008D9B5B /* Assets.xcassets in Resources */ = {isa = PBXBuildFile; fileRef = A001AC4D1EA62793008D9B5B /* Assets.xcassets */; };
		A001AC511EA62793008D9B5B /* LaunchScreen.storyboard in Resources */ = {isa = PBXBuildFile; fileRef = A001AC4F1EA62793008D9B5B /* LaunchScreen.storyboard */; };
		A0112D3F1EA7D68000DA0C77 /* ApiRequests.swift in Sources */ = {isa = PBXBuildFile; fileRef = A0112D3E1EA7D68000DA0C77 /* ApiRequests.swift */; };
		A0112D411EA8169900DA0C77 /* CollectionViewCell.swift in Sources */ = {isa = PBXBuildFile; fileRef = A0112D401EA8169900DA0C77 /* CollectionViewCell.swift */; };
		A0121DA61EAAB8DF00E0F2BA /* RequestViewController.swift in Sources */ = {isa = PBXBuildFile; fileRef = A0121DA51EAAB8DF00E0F2BA /* RequestViewController.swift */; };
		A0121DA81EAAB90A00E0F2BA /* RequestViewController.xib in Resources */ = {isa = PBXBuildFile; fileRef = A0121DA71EAAB90A00E0F2BA /* RequestViewController.xib */; };
		A0121DAA1EAB5CBA00E0F2BA /* loginviewcontroller.xib in Resources */ = {isa = PBXBuildFile; fileRef = A0121DA91EAB5CBA00E0F2BA /* loginviewcontroller.xib */; };
		A0121DAC1EAB5DA000E0F2BA /* LoginViewController.swift in Sources */ = {isa = PBXBuildFile; fileRef = A0121DAB1EAB5DA000E0F2BA /* LoginViewController.swift */; };
		A03F61DD1F595D50001EA7DD /* Main.storyboard in Resources */ = {isa = PBXBuildFile; fileRef = A03F61DC1F595D50001EA7DD /* Main.storyboard */; };
		A06C73071EA65C3000F3AE4B /* DatabaseFunction.swift in Sources */ = {isa = PBXBuildFile; fileRef = A06C73061EA65C3000F3AE4B /* DatabaseFunction.swift */; };
		A06C73091EA65C3E00F3AE4B /* appdatabase.sqlite in Resources */ = {isa = PBXBuildFile; fileRef = A06C73081EA65C3E00F3AE4B /* appdatabase.sqlite */; };
		A08F7EDB1EA8A179005A31DA /* playerViewController.swift in Sources */ = {isa = PBXBuildFile; fileRef = A08F7EDA1EA8A179005A31DA /* playerViewController.swift */; };
		A08F7EEA1EAA2BCF005A31DA /* InfoTableViewCell.swift in Sources */ = {isa = PBXBuildFile; fileRef = A08F7EE81EAA2BCF005A31DA /* InfoTableViewCell.swift */; };
		A08F7EED1EAA5E86005A31DA /* VideoTableViewCell.swift in Sources */ = {isa = PBXBuildFile; fileRef = A08F7EEC1EAA5E86005A31DA /* VideoTableViewCell.swift */; };
		A0BCE6361EA7C2820032BA96 /* SWRevealViewController.m in Sources */ = {isa = PBXBuildFile; fileRef = A0BCE6351EA7C2820032BA96 /* SWRevealViewController.m */; };
		A0BCE63A1EA7C3C40032BA96 /* MenuCell.swift in Sources */ = {isa = PBXBuildFile; fileRef = A0BCE6381EA7C3C40032BA96 /* MenuCell.swift */; };
		A0BCE63B1EA7C3C40032BA96 /* menuViewController.swift in Sources */ = {isa = PBXBuildFile; fileRef = A0BCE6391EA7C3C40032BA96 /* menuViewController.swift */; };
		A0E6AD291EAE575800D1FB56 /* secondaryFunctions.swift in Sources */ = {isa = PBXBuildFile; fileRef = A0E6AD281EAE575800D1FB56 /* secondaryFunctions.swift */; };
/* End PBXBuildFile section */

/* Begin PBXFileReference section */
		68088A611F9E9FCDD5C8A213 /* Pods-AnidubApp.release.xcconfig */ = {isa = PBXFileReference; includeInIndex = 1; lastKnownFileType = text.xcconfig; name = "Pods-AnidubApp.release.xcconfig"; path = "Pods/Target Support Files/Pods-AnidubApp/Pods-AnidubApp.release.xcconfig"; sourceTree = "<group>"; };
		81CF747A16C1B2CD6D7E982E /* Pods_AnidubApp.framework */ = {isa = PBXFileReference; explicitFileType = wrapper.framework; includeInIndex = 0; path = Pods_AnidubApp.framework; sourceTree = BUILT_PRODUCTS_DIR; };
		A001AC431EA62793008D9B5B /* AnidubApp.app */ = {isa = PBXFileReference; explicitFileType = wrapper.application; includeInIndex = 0; path = AnidubApp.app; sourceTree = BUILT_PRODUCTS_DIR; };
		A001AC461EA62793008D9B5B /* AppDelegate.swift */ = {isa = PBXFileReference; lastKnownFileType = sourcecode.swift; path = AppDelegate.swift; sourceTree = "<group>"; };
		A001AC481EA62793008D9B5B /* ViewController.swift */ = {isa = PBXFileReference; lastKnownFileType = sourcecode.swift; path = ViewController.swift; sourceTree = "<group>"; };
		A001AC4D1EA62793008D9B5B /* Assets.xcassets */ = {isa = PBXFileReference; lastKnownFileType = folder.assetcatalog; path = Assets.xcassets; sourceTree = "<group>"; };
		A001AC501EA62793008D9B5B /* Base */ = {isa = PBXFileReference; lastKnownFileType = file.storyboard; name = Base; path = Base.lproj/LaunchScreen.storyboard; sourceTree = "<group>"; };
		A001AC521EA62793008D9B5B /* Info.plist */ = {isa = PBXFileReference; lastKnownFileType = text.plist.xml; path = Info.plist; sourceTree = "<group>"; };
		A0112D3E1EA7D68000DA0C77 /* ApiRequests.swift */ = {isa = PBXFileReference; fileEncoding = 4; lastKnownFileType = sourcecode.swift; path = ApiRequests.swift; sourceTree = "<group>"; };
		A0112D401EA8169900DA0C77 /* CollectionViewCell.swift */ = {isa = PBXFileReference; fileEncoding = 4; lastKnownFileType = sourcecode.swift; path = CollectionViewCell.swift; sourceTree = "<group>"; };
		A0121DA51EAAB8DF00E0F2BA /* RequestViewController.swift */ = {isa = PBXFileReference; fileEncoding = 4; lastKnownFileType = sourcecode.swift; path = RequestViewController.swift; sourceTree = "<group>"; };
		A0121DA71EAAB90A00E0F2BA /* RequestViewController.xib */ = {isa = PBXFileReference; fileEncoding = 4; lastKnownFileType = file.xib; path = RequestViewController.xib; sourceTree = "<group>"; };
		A0121DA91EAB5CBA00E0F2BA /* loginviewcontroller.xib */ = {isa = PBXFileReference; fileEncoding = 4; lastKnownFileType = file.xib; path = loginviewcontroller.xib; sourceTree = "<group>"; };
		A0121DAB1EAB5DA000E0F2BA /* LoginViewController.swift */ = {isa = PBXFileReference; fileEncoding = 4; lastKnownFileType = sourcecode.swift; path = LoginViewController.swift; sourceTree = "<group>"; };
		A03F61DC1F595D50001EA7DD /* Main.storyboard */ = {isa = PBXFileReference; lastKnownFileType = file.storyboard; path = Main.storyboard; sourceTree = "<group>"; };
		A06C73061EA65C3000F3AE4B /* DatabaseFunction.swift */ = {isa = PBXFileReference; fileEncoding = 4; lastKnownFileType = sourcecode.swift; path = DatabaseFunction.swift; sourceTree = "<group>"; };
		A06C73081EA65C3E00F3AE4B /* appdatabase.sqlite */ = {isa = PBXFileReference; lastKnownFileType = file; path = appdatabase.sqlite; sourceTree = "<group>"; };
		A08F7EDA1EA8A179005A31DA /* playerViewController.swift */ = {isa = PBXFileReference; fileEncoding = 4; lastKnownFileType = sourcecode.swift; path = playerViewController.swift; sourceTree = "<group>"; };
		A08F7EE81EAA2BCF005A31DA /* InfoTableViewCell.swift */ = {isa = PBXFileReference; fileEncoding = 4; lastKnownFileType = sourcecode.swift; path = InfoTableViewCell.swift; sourceTree = "<group>"; };
		A08F7EEC1EAA5E86005A31DA /* VideoTableViewCell.swift */ = {isa = PBXFileReference; fileEncoding = 4; lastKnownFileType = sourcecode.swift; path = VideoTableViewCell.swift; sourceTree = "<group>"; };
		A0BCE6341EA7C2820032BA96 /* SWRevealViewController.h */ = {isa = PBXFileReference; fileEncoding = 4; lastKnownFileType = sourcecode.c.h; path = SWRevealViewController.h; sourceTree = "<group>"; };
		A0BCE6351EA7C2820032BA96 /* SWRevealViewController.m */ = {isa = PBXFileReference; fileEncoding = 4; lastKnownFileType = sourcecode.c.objc; path = SWRevealViewController.m; sourceTree = "<group>"; };
		A0BCE6381EA7C3C40032BA96 /* MenuCell.swift */ = {isa = PBXFileReference; fileEncoding = 4; lastKnownFileType = sourcecode.swift; path = MenuCell.swift; sourceTree = "<group>"; };
		A0BCE6391EA7C3C40032BA96 /* menuViewController.swift */ = {isa = PBXFileReference; fileEncoding = 4; lastKnownFileType = sourcecode.swift; path = menuViewController.swift; sourceTree = "<group>"; };
		A0BCE63F1EA7C7C30032BA96 /* Header.h */ = {isa = PBXFileReference; lastKnownFileType = sourcecode.c.h; path = Header.h; sourceTree = "<group>"; };
		A0E6AD281EAE575800D1FB56 /* secondaryFunctions.swift */ = {isa = PBXFileReference; fileEncoding = 4; lastKnownFileType = sourcecode.swift; path = secondaryFunctions.swift; sourceTree = "<group>"; };
		D170F6FD73CAEBCA5A1D56F0 /* Pods-AnidubApp.debug.xcconfig */ = {isa = PBXFileReference; includeInIndex = 1; lastKnownFileType = text.xcconfig; name = "Pods-AnidubApp.debug.xcconfig"; path = "Pods/Target Support Files/Pods-AnidubApp/Pods-AnidubApp.debug.xcconfig"; sourceTree = "<group>"; };
/* End PBXFileReference section */

/* Begin PBXFrameworksBuildPhase section */
		A001AC401EA62792008D9B5B /* Frameworks */ = {
			isa = PBXFrameworksBuildPhase;
			buildActionMask = 2147483647;
			files = (
				57B0F4544AF64CA917A059C9 /* Pods_AnidubApp.framework in Frameworks */,
			);
			runOnlyForDeploymentPostprocessing = 0;
		};
/* End PBXFrameworksBuildPhase section */

/* Begin PBXGroup section */
		10CAEDF46CFF54D1696EDA31 /* Pods */ = {
			isa = PBXGroup;
			children = (
				D170F6FD73CAEBCA5A1D56F0 /* Pods-AnidubApp.debug.xcconfig */,
				68088A611F9E9FCDD5C8A213 /* Pods-AnidubApp.release.xcconfig */,
			);
			name = Pods;
			sourceTree = "<group>";
		};
		A001AC3A1EA62792008D9B5B = {
			isa = PBXGroup;
			children = (
				A001AC451EA62793008D9B5B /* AnidubApp */,
				A001AC441EA62793008D9B5B /* Products */,
				10CAEDF46CFF54D1696EDA31 /* Pods */,
				F24A97B299E26C3C84DE3559 /* Frameworks */,
			);
			sourceTree = "<group>";
		};
		A001AC441EA62793008D9B5B /* Products */ = {
			isa = PBXGroup;
			children = (
				A001AC431EA62793008D9B5B /* AnidubApp.app */,
			);
			name = Products;
			sourceTree = "<group>";
		};
		A001AC451EA62793008D9B5B /* AnidubApp */ = {
			isa = PBXGroup;
			children = (
				A0E6AD271EAE4CF700D1FB56 /* Global */,
				A0E6AD261EAE4C3F00D1FB56 /* Info/Player */,
				A0E6AD251EAE4C0500D1FB56 /* Menu */,
				A001AC461EA62793008D9B5B /* AppDelegate.swift */,
				A001AC4D1EA62793008D9B5B /* Assets.xcassets */,
				A001AC4F1EA62793008D9B5B /* LaunchScreen.storyboard */,
				A06C73081EA65C3E00F3AE4B /* appdatabase.sqlite */,
				A001AC521EA62793008D9B5B /* Info.plist */,
				A03F61DC1F595D50001EA7DD /* Main.storyboard */,
			);
			path = AnidubApp;
			sourceTree = "<group>";
		};
		A0E6AD251EAE4C0500D1FB56 /* Menu */ = {
			isa = PBXGroup;
			children = (
				A0121DA91EAB5CBA00E0F2BA /* loginviewcontroller.xib */,
				A0121DAB1EAB5DA000E0F2BA /* LoginViewController.swift */,
				A0BCE6341EA7C2820032BA96 /* SWRevealViewController.h */,
				A0BCE6351EA7C2820032BA96 /* SWRevealViewController.m */,
				A0BCE6381EA7C3C40032BA96 /* MenuCell.swift */,
				A0BCE6391EA7C3C40032BA96 /* menuViewController.swift */,
			);
			name = Menu;
			sourceTree = "<group>";
		};
		A0E6AD261EAE4C3F00D1FB56 /* Info/Player */ = {
			isa = PBXGroup;
			children = (
				A08F7EE81EAA2BCF005A31DA /* InfoTableViewCell.swift */,
				A001AC481EA62793008D9B5B /* ViewController.swift */,
				A08F7EEC1EAA5E86005A31DA /* VideoTableViewCell.swift */,
				A0121DA71EAAB90A00E0F2BA /* RequestViewController.xib */,
				A0121DA51EAAB8DF00E0F2BA /* RequestViewController.swift */,
				A0112D401EA8169900DA0C77 /* CollectionViewCell.swift */,
				A08F7EDA1EA8A179005A31DA /* playerViewController.swift */,
			);
			name = Info/Player;
			sourceTree = "<group>";
		};
		A0E6AD271EAE4CF700D1FB56 /* Global */ = {
			isa = PBXGroup;
			children = (
				A06C73061EA65C3000F3AE4B /* DatabaseFunction.swift */,
				A0BCE63F1EA7C7C30032BA96 /* Header.h */,
				A0112D3E1EA7D68000DA0C77 /* ApiRequests.swift */,
				A0E6AD281EAE575800D1FB56 /* secondaryFunctions.swift */,
			);
			name = Global;
			sourceTree = "<group>";
		};
		F24A97B299E26C3C84DE3559 /* Frameworks */ = {
			isa = PBXGroup;
			children = (
				81CF747A16C1B2CD6D7E982E /* Pods_AnidubApp.framework */,
			);
			name = Frameworks;
			sourceTree = "<group>";
		};
/* End PBXGroup section */

/* Begin PBXNativeTarget section */
		A001AC421EA62792008D9B5B /* AnidubApp */ = {
			isa = PBXNativeTarget;
			buildConfigurationList = A001AC551EA62793008D9B5B /* Build configuration list for PBXNativeTarget "AnidubApp" */;
			buildPhases = (
				82C9CC46DA21E493FAF6F680 /* [CP] Check Pods Manifest.lock */,
				A001AC3F1EA62792008D9B5B /* Sources */,
				A001AC401EA62792008D9B5B /* Frameworks */,
				A001AC411EA62792008D9B5B /* Resources */,
				A06C730A1EA66DD000F3AE4B /* ShellScript */,
				9396D1C976E5FDFDFF86D1D4 /* [CP] Embed Pods Frameworks */,
				A3DF36119F0C59FFA7ECB859 /* [CP] Copy Pods Resources */,
			);
			buildRules = (
			);
			dependencies = (
			);
			name = AnidubApp;
			productName = AnidubApp;
			productReference = A001AC431EA62793008D9B5B /* AnidubApp.app */;
			productType = "com.apple.product-type.application";
		};
/* End PBXNativeTarget section */

/* Begin PBXProject section */
		A001AC3B1EA62792008D9B5B /* Project object */ = {
			isa = PBXProject;
			attributes = {
				LastSwiftUpdateCheck = 0820;
				LastUpgradeCheck = 0820;
				ORGANIZATIONNAME = "Roman Efimov";
				TargetAttributes = {
					A001AC421EA62792008D9B5B = {
						CreatedOnToolsVersion = 8.2.1;
						DevelopmentTeam = Y6XF9JEXKG;
						ProvisioningStyle = Automatic;
					};
				};
			};
			buildConfigurationList = A001AC3E1EA62792008D9B5B /* Build configuration list for PBXProject "AnidubApp" */;
			compatibilityVersion = "Xcode 3.2";
			developmentRegion = English;
			hasScannedForEncodings = 0;
			knownRegions = (
				en,
				Base,
			);
			mainGroup = A001AC3A1EA62792008D9B5B;
			productRefGroup = A001AC441EA62793008D9B5B /* Products */;
			projectDirPath = "";
			projectRoot = "";
			targets = (
				A001AC421EA62792008D9B5B /* AnidubApp */,
			);
		};
/* End PBXProject section */

/* Begin PBXResourcesBuildPhase section */
		A001AC411EA62792008D9B5B /* Resources */ = {
			isa = PBXResourcesBuildPhase;
			buildActionMask = 2147483647;
			files = (
				A03F61DD1F595D50001EA7DD /* Main.storyboard in Resources */,
				A06C73091EA65C3E00F3AE4B /* appdatabase.sqlite in Resources */,
				A001AC511EA62793008D9B5B /* LaunchScreen.storyboard in Resources */,
				A0121DAA1EAB5CBA00E0F2BA /* loginviewcontroller.xib in Resources */,
				A001AC4E1EA62793008D9B5B /* Assets.xcassets in Resources */,
				A0121DA81EAAB90A00E0F2BA /* RequestViewController.xib in Resources */,
			);
			runOnlyForDeploymentPostprocessing = 0;
		};
/* End PBXResourcesBuildPhase section */

/* Begin PBXShellScriptBuildPhase section */
		82C9CC46DA21E493FAF6F680 /* [CP] Check Pods Manifest.lock */ = {
			isa = PBXShellScriptBuildPhase;
			buildActionMask = 2147483647;
			files = (
			);
			inputPaths = (
				"${PODS_PODFILE_DIR_PATH}/Podfile.lock",
				"${PODS_ROOT}/Manifest.lock",
			);
			name = "[CP] Check Pods Manifest.lock";
			outputPaths = (
				"$(DERIVED_FILE_DIR)/Pods-AnidubApp-checkManifestLockResult.txt",
			);
			runOnlyForDeploymentPostprocessing = 0;
			shellPath = /bin/sh;
			shellScript = "diff \"${PODS_PODFILE_DIR_PATH}/Podfile.lock\" \"${PODS_ROOT}/Manifest.lock\" > /dev/null\nif [ $? != 0 ] ; then\n    # print error to STDERR\n    echo \"error: The sandbox is not in sync with the Podfile.lock. Run 'pod install' or update your CocoaPods installation.\" >&2\n    exit 1\nfi\n# This output is used by Xcode 'outputs' to avoid re-running this script phase.\necho \"SUCCESS\" > \"${SCRIPT_OUTPUT_FILE_0}\"\n";
			showEnvVarsInLog = 0;
		};
		9396D1C976E5FDFDFF86D1D4 /* [CP] Embed Pods Frameworks */ = {
			isa = PBXShellScriptBuildPhase;
			buildActionMask = 2147483647;
			files = (
			);
			inputPaths = (
				"${SRCROOT}/Pods/Target Support Files/Pods-AnidubApp/Pods-AnidubApp-frameworks.sh",
				"${BUILT_PRODUCTS_DIR}/Alamofire/Alamofire.framework",
				"${BUILT_PRODUCTS_DIR}/AlamofireImage/AlamofireImage.framework",
				"${BUILT_PRODUCTS_DIR}/PopupDialog/PopupDialog.framework",
				"${BUILT_PRODUCTS_DIR}/SQLite.swift/SQLite.framework",
			);
			name = "[CP] Embed Pods Frameworks";
			outputPaths = (
				"${TARGET_BUILD_DIR}/${FRAMEWORKS_FOLDER_PATH}/Alamofire.framework",
				"${TARGET_BUILD_DIR}/${FRAMEWORKS_FOLDER_PATH}/AlamofireImage.framework",
				"${TARGET_BUILD_DIR}/${FRAMEWORKS_FOLDER_PATH}/PopupDialog.framework",
				"${TARGET_BUILD_DIR}/${FRAMEWORKS_FOLDER_PATH}/SQLite.framework",
			);
			runOnlyForDeploymentPostprocessing = 0;
			shellPath = /bin/sh;
			shellScript = "\"${SRCROOT}/Pods/Target Support Files/Pods-AnidubApp/Pods-AnidubApp-frameworks.sh\"\n";
			showEnvVarsInLog = 0;
		};
		A06C730A1EA66DD000F3AE4B /* ShellScript */ = {
			isa = PBXShellScriptBuildPhase;
			buildActionMask = 2147483647;
			files = (
			);
			inputPaths = (
			);
			outputPaths = (
			);
			runOnlyForDeploymentPostprocessing = 0;
			shellPath = /bin/sh;
			shellScript = "\"${PODS_ROOT}/Fabric/run\" 7f0d441a445b99ad9be96af08be5f9e0255de5f5 6f1c6d273d9d2d4f5e74dd780c4b86e441f769af139465503ee9d4a245096798\n";
		};
		A3DF36119F0C59FFA7ECB859 /* [CP] Copy Pods Resources */ = {
			isa = PBXShellScriptBuildPhase;
			buildActionMask = 2147483647;
			files = (
			);
			inputPaths = (
			);
			name = "[CP] Copy Pods Resources";
			outputPaths = (
			);
			runOnlyForDeploymentPostprocessing = 0;
			shellPath = /bin/sh;
			shellScript = "\"${SRCROOT}/Pods/Target Support Files/Pods-AnidubApp/Pods-AnidubApp-resources.sh\"\n";
			showEnvVarsInLog = 0;
		};
/* End PBXShellScriptBuildPhase section */

/* Begin PBXSourcesBuildPhase section */
		A001AC3F1EA62792008D9B5B /* Sources */ = {
			isa = PBXSourcesBuildPhase;
			buildActionMask = 2147483647;
			files = (
				A0112D411EA8169900DA0C77 /* CollectionViewCell.swift in Sources */,
				A08F7EDB1EA8A179005A31DA /* playerViewController.swift in Sources */,
				A001AC491EA62793008D9B5B /* ViewController.swift in Sources */,
				A08F7EEA1EAA2BCF005A31DA /* InfoTableViewCell.swift in Sources */,
				A0112D3F1EA7D68000DA0C77 /* ApiRequests.swift in Sources */,
				A0BCE63A1EA7C3C40032BA96 /* MenuCell.swift in Sources */,
				A0E6AD291EAE575800D1FB56 /* secondaryFunctions.swift in Sources */,
				A0BCE6361EA7C2820032BA96 /* SWRevealViewController.m in Sources */,
				A001AC471EA62793008D9B5B /* AppDelegate.swift in Sources */,
				A0BCE63B1EA7C3C40032BA96 /* menuViewController.swift in Sources */,
				A0121DAC1EAB5DA000E0F2BA /* LoginViewController.swift in Sources */,
				A06C73071EA65C3000F3AE4B /* DatabaseFunction.swift in Sources */,
				A0121DA61EAAB8DF00E0F2BA /* RequestViewController.swift in Sources */,
				A08F7EED1EAA5E86005A31DA /* VideoTableViewCell.swift in Sources */,
			);
			runOnlyForDeploymentPostprocessing = 0;
		};
/* End PBXSourcesBuildPhase section */

/* Begin PBXVariantGroup section */
		A001AC4F1EA62793008D9B5B /* LaunchScreen.storyboard */ = {
			isa = PBXVariantGroup;
			children = (
				A001AC501EA62793008D9B5B /* Base */,
			);
			name = LaunchScreen.storyboard;
			sourceTree = "<group>";
		};
/* End PBXVariantGroup section */

/* Begin XCBuildConfiguration section */
		A001AC531EA62793008D9B5B /* Debug */ = {
			isa = XCBuildConfiguration;
			buildSettings = {
				ALWAYS_SEARCH_USER_PATHS = NO;
				CLANG_ANALYZER_NONNULL = YES;
				CLANG_CXX_LANGUAGE_STANDARD = "gnu++0x";
				CLANG_CXX_LIBRARY = "libc++";
				CLANG_ENABLE_MODULES = YES;
				CLANG_ENABLE_OBJC_ARC = YES;
				CLANG_WARN_BOOL_CONVERSION = YES;
				CLANG_WARN_CONSTANT_CONVERSION = YES;
				CLANG_WARN_DIRECT_OBJC_ISA_USAGE = YES_ERROR;
				CLANG_WARN_DOCUMENTATION_COMMENTS = YES;
				CLANG_WARN_EMPTY_BODY = YES;
				CLANG_WARN_ENUM_CONVERSION = YES;
				CLANG_WARN_INFINITE_RECURSION = YES;
				CLANG_WARN_INT_CONVERSION = YES;
				CLANG_WARN_OBJC_ROOT_CLASS = YES_ERROR;
				CLANG_WARN_SUSPICIOUS_MOVE = YES;
				CLANG_WARN_UNREACHABLE_CODE = YES;
				CLANG_WARN__DUPLICATE_METHOD_MATCH = YES;
				"CODE_SIGN_IDENTITY[sdk=iphoneos*]" = "iPhone Developer";
				COPY_PHASE_STRIP = NO;
				DEBUG_INFORMATION_FORMAT = dwarf;
				ENABLE_STRICT_OBJC_MSGSEND = YES;
				ENABLE_TESTABILITY = YES;
				GCC_C_LANGUAGE_STANDARD = gnu99;
				GCC_DYNAMIC_NO_PIC = NO;
				GCC_NO_COMMON_BLOCKS = YES;
				GCC_OPTIMIZATION_LEVEL = 0;
				GCC_PREPROCESSOR_DEFINITIONS = (
					"DEBUG=1",
					"$(inherited)",
				);
				GCC_WARN_64_TO_32_BIT_CONVERSION = YES;
				GCC_WARN_ABOUT_RETURN_TYPE = YES_ERROR;
				GCC_WARN_UNDECLARED_SELECTOR = YES;
				GCC_WARN_UNINITIALIZED_AUTOS = YES_AGGRESSIVE;
				GCC_WARN_UNUSED_FUNCTION = YES;
				GCC_WARN_UNUSED_VARIABLE = YES;
				IPHONEOS_DEPLOYMENT_TARGET = 10.2;
				MTL_ENABLE_DEBUG_INFO = YES;
				ONLY_ACTIVE_ARCH = YES;
				SDKROOT = iphoneos;
				SWIFT_ACTIVE_COMPILATION_CONDITIONS = DEBUG;
				SWIFT_OPTIMIZATION_LEVEL = "-Onone";
				TARGETED_DEVICE_FAMILY = "1,2";
			};
			name = Debug;
		};
		A001AC541EA62793008D9B5B /* Release */ = {
			isa = XCBuildConfiguration;
			buildSettings = {
				ALWAYS_SEARCH_USER_PATHS = NO;
				CLANG_ANALYZER_NONNULL = YES;
				CLANG_CXX_LANGUAGE_STANDARD = "gnu++0x";
				CLANG_CXX_LIBRARY = "libc++";
				CLANG_ENABLE_MODULES = YES;
				CLANG_ENABLE_OBJC_ARC = YES;
				CLANG_WARN_BOOL_CONVERSION = YES;
				CLANG_WARN_CONSTANT_CONVERSION = YES;
				CLANG_WARN_DIRECT_OBJC_ISA_USAGE = YES_ERROR;
				CLANG_WARN_DOCUMENTATION_COMMENTS = YES;
				CLANG_WARN_EMPTY_BODY = YES;
				CLANG_WARN_ENUM_CONVERSION = YES;
				CLANG_WARN_INFINITE_RECURSION = YES;
				CLANG_WARN_INT_CONVERSION = YES;
				CLANG_WARN_OBJC_ROOT_CLASS = YES_ERROR;
				CLANG_WARN_SUSPICIOUS_MOVE = YES;
				CLANG_WARN_UNREACHABLE_CODE = YES;
				CLANG_WARN__DUPLICATE_METHOD_MATCH = YES;
				"CODE_SIGN_IDENTITY[sdk=iphoneos*]" = "iPhone Developer";
				COPY_PHASE_STRIP = NO;
				DEBUG_INFORMATION_FORMAT = "dwarf-with-dsym";
				ENABLE_NS_ASSERTIONS = NO;
				ENABLE_STRICT_OBJC_MSGSEND = YES;
				GCC_C_LANGUAGE_STANDARD = gnu99;
				GCC_NO_COMMON_BLOCKS = YES;
				GCC_WARN_64_TO_32_BIT_CONVERSION = YES;
				GCC_WARN_ABOUT_RETURN_TYPE = YES_ERROR;
				GCC_WARN_UNDECLARED_SELECTOR = YES;
				GCC_WARN_UNINITIALIZED_AUTOS = YES_AGGRESSIVE;
				GCC_WARN_UNUSED_FUNCTION = YES;
				GCC_WARN_UNUSED_VARIABLE = YES;
				IPHONEOS_DEPLOYMENT_TARGET = 10.2;
				MTL_ENABLE_DEBUG_INFO = NO;
				SDKROOT = iphoneos;
				SWIFT_OPTIMIZATION_LEVEL = "-Owholemodule";
				TARGETED_DEVICE_FAMILY = "1,2";
				VALIDATE_PRODUCT = YES;
			};
			name = Release;
		};
		A001AC561EA62793008D9B5B /* Debug */ = {
			isa = XCBuildConfiguration;
			baseConfigurationReference = D170F6FD73CAEBCA5A1D56F0 /* Pods-AnidubApp.debug.xcconfig */;
			buildSettings = {
				ASSETCATALOG_COMPILER_APPICON_NAME = AppIcon;
				ASSETCATALOG_COMPILER_LAUNCHIMAGE_NAME = LaunchImage;
				"CODE_SIGN_IDENTITY[sdk=iphoneos*]" = "iPhone Developer";
				CODE_SIGN_STYLE = Manual;
				DEVELOPMENT_TEAM = "";
				INFOPLIST_FILE = AnidubApp/Info.plist;
				IPHONEOS_DEPLOYMENT_TARGET = 9.0;
				LD_RUNPATH_SEARCH_PATHS = "$(inherited) @executable_path/Frameworks";
				PRODUCT_BUNDLE_IDENTIFIER = thetaiiok.Debug;
				PRODUCT_NAME = "$(TARGET_NAME)";
				PROVISIONING_PROFILE = "";
				PROVISIONING_PROFILE_SPECIFIER = "";
				SWIFT_OBJC_BRIDGING_HEADER = AnidubApp/Header.h;
				SWIFT_VERSION = 3.0;
			};
			name = Debug;
		};
		A001AC571EA62793008D9B5B /* Release */ = {
			isa = XCBuildConfiguration;
			baseConfigurationReference = 68088A611F9E9FCDD5C8A213 /* Pods-AnidubApp.release.xcconfig */;
			buildSettings = {
				ASSETCATALOG_COMPILER_APPICON_NAME = AppIcon;
				ASSETCATALOG_COMPILER_LAUNCHIMAGE_NAME = LaunchImage;
				"CODE_SIGN_IDENTITY[sdk=iphoneos*]" = "iPhone Developer";
				CODE_SIGN_STYLE = Manual;
				DEVELOPMENT_TEAM = "";
				INFOPLIST_FILE = AnidubApp/Info.plist;
				IPHONEOS_DEPLOYMENT_TARGET = 9.0;
				LD_RUNPATH_SEARCH_PATHS = "$(inherited) @executable_path/Frameworks";
				PRODUCT_BUNDLE_IDENTIFIER = thetaiiok.Debug;
				PRODUCT_NAME = "$(TARGET_NAME)";
				PROVISIONING_PROFILE = "";
				PROVISIONING_PROFILE_SPECIFIER = "";
				SWIFT_OBJC_BRIDGING_HEADER = AnidubApp/Header.h;
				SWIFT_VERSION = 3.0;
			};
			name = Release;
		};
/* End XCBuildConfiguration section */

/* Begin XCConfigurationList section */
		A001AC3E1EA62792008D9B5B /* Build configuration list for PBXProject "AnidubApp" */ = {
			isa = XCConfigurationList;
			buildConfigurations = (
				A001AC531EA62793008D9B5B /* Debug */,
				A001AC541EA62793008D9B5B /* Release */,
			);
			defaultConfigurationIsVisible = 0;
			defaultConfigurationName = Release;
		};
		A001AC551EA62793008D9B5B /* Build configuration list for PBXNativeTarget "AnidubApp" */ = {
			isa = XCConfigurationList;
			buildConfigurations = (
				A001AC561EA62793008D9B5B /* Debug */,
				A001AC571EA62793008D9B5B /* Release */,
			);
			defaultConfigurationIsVisible = 0;
			defaultConfigurationName = Release;
		};
/* End XCConfigurationList section */
	};
	rootObject = A001AC3B1EA62792008D9B5B /* Project object */;
}
